{
  "格式版本": 1,
  "包": {
    "核心": {
      "来源": "https://github.com/MARKJY-China/XuanTie-Lang.git",
      "提交编号": "87f77bda41afc6c38657f5008b123cce5c83d10d"
    },
    "渲染": {
      "来源": "https://gitcode.com/MARKJY/XuanTieRendering",
      "提交编号": "cc097058679c85bc846831451502bed87f693e4a",
      "引用标识": "refs/heads/main"
    }
  },
  "二进制": {
    "darwin-arm64": {
      "下载地址": "https://atomgit.com/k4m7v2pz/xtl-toolchain/raw/branch/bin-darwin-arm64-xtc/xuantie-darwin-arm64-xtc.zip",
      "哈希": "sha256:28cca0e3e2b12c287438a2bf33356a6af60fae6bf1428179ac1f460f780541a5"
    }
  }
}